// !$*UTF8*$!
{
	archiveVersion = 1;
	classes = {
	};
	objectVersion = 48;
	objects = {

/* Begin PBXBuildFile section */
		E377A6E720480CD300E729EF /* AppDelegate.m in Sources */ = {isa = PBXBuildFile; fileRef = E377A6E620480CD300E729EF /* AppDelegate.m */; };
		E377A6EA20480CD300E729EF /* ViewController.m in Sources */ = {isa = PBXBuildFile; fileRef = E377A6E920480CD300E729EF /* ViewController.m */; };
		E377A6ED20480CD300E729EF /* Main.storyboard in Resources */ = {isa = PBXBuildFile; fileRef = E377A6EB20480CD300E729EF /* Main.storyboard */; };
		E377A6EF20480CD300E729EF /* Assets.xcassets in Resources */ = {isa = PBXBuildFile; fileRef = E377A6EE20480CD300E729EF /* Assets.xcassets */; };
		E377A6F220480CD300E729EF /* LaunchScreen.storyboard in Resources */ = {isa = PBXBuildFile; fileRef = E377A6F020480CD300E729EF /* LaunchScreen.storyboard */; };
		E377A6F520480CD300E729EF /* main.m in Sources */ = {isa = PBXBuildFile; fileRef = E377A6F420480CD300E729EF /* main.m */; };
		E377A7022048121500E729EF /* DeviceInfo.swift in Sources */ = {isa = PBXBuildFile; fileRef = E377A7012048121500E729EF /* DeviceInfo.swift */; };
/* End PBXBuildFile section */

/* Begin PBXFileReference section */
		E377A6E220480CD300E729EF /* ObjCSwift.app */ = {isa = PBXFileReference; explicitFileType = wrapper.application; includeInIndex = 0; path = ObjCSwift.app; sourceTree = BUILT_PRODUCTS_DIR; };
		E377A6E520480CD300E729EF /* AppDelegate.h */ = {isa = PBXFileReference; lastKnownFileType = sourcecode.c.h; path = AppDelegate.h; sourceTree = "<group>"; };
		E377A6E620480CD300E729EF /* AppDelegate.m */ = {isa = PBXFileReference; lastKnownFileType = sourcecode.c.objc; path = AppDelegate.m; sourceTree = "<group>"; };
		E377A6E820480CD300E729EF /* ViewController.h */ = {isa = PBXFileReference; lastKnownFileType = sourcecode.c.h; path = ViewController.h; sourceTree = "<group>"; };
		E377A6E920480CD300E729EF /* ViewController.m */ = {isa = PBXFileReference; lastKnownFileType = sourcecode.c.objc; path = ViewController.m; sourceTree = "<group>"; };
		E377A6EC20480CD300E729EF /* Base */ = {isa = PBXFileReference; lastKnownFileType = file.storyboard; name = Base; path = Base.lproj/Main.storyboard; sourceTree = "<group>"; };
		E377A6EE20480CD300E729EF /* Assets.xcassets */ = {isa = PBXFileReference; lastKnownFileType = folder.assetcatalog; path = Assets.xcassets; sourceTree = "<group>"; };
		E377A6F120480CD300E729EF /* Base */ = {isa = PBXFileReference; lastKnownFileType = file.storyboard; name = Base; path = Base.lproj/LaunchScreen.storyboard; sourceTree = "<group>"; };
		E377A6F320480CD300E729EF /* Info.plist */ = {isa = PBXFileReference; lastKnownFileType = text.plist.xml; path = Info.plist; sourceTree = "<group>"; };
		E377A6F420480CD300E729EF /* main.m */ = {isa = PBXFileReference; lastKnownFileType = sourcecode.c.objc; path = main.m; sourceTree = "<group>"; };
		E377A7002048121500E729EF /* ObjCSwift-Bridging-Header.h */ = {isa = PBXFileReference; lastKnownFileType = sourcecode.c.h; path = "ObjCSwift-Bridging-Header.h"; sourceTree = "<group>"; };
		E377A7012048121500E729EF /* DeviceInfo.swift */ = {isa = PBXFileReference; lastKnownFileType = sourcecode.swift; path = DeviceInfo.swift; sourceTree = "<group>"; };
/* End PBXFileReference section */

/* Begin PBXFrameworksBuildPhase section */
		E377A6DF20480CD300E729EF /* Frameworks */ = {
			isa = PBXFrameworksBuildPhase;
			buildActionMask = 2147483647;
			files = (
			);
			runOnlyForDeploymentPostprocessing = 0;
		};
/* End PBXFrameworksBuildPhase section */

/* Begin PBXGroup section */
		E377A6D920480CD300E729EF = {
			isa = PBXGroup;
			children = (
				E377A6E420480CD300E729EF /* ObjCSwift */,
				E377A6E320480CD300E729EF /* Products */,
			);
			sourceTree = "<group>";
		};
		E377A6E320480CD300E729EF /* Products */ = {
			isa = PBXGroup;
			children = (
				E377A6E220480CD300E729EF /* ObjCSwift.app */,
			);
			name = Products;
			sourceTree = "<group>";
		};
		E377A6E420480CD300E729EF /* ObjCSwift */ = {
			isa = PBXGroup;
			children = (
				E377A6E520480CD300E729EF /* AppDelegate.h */,
				E377A6E620480CD300E729EF /* AppDelegate.m */,
				E377A6E820480CD300E729EF /* ViewController.h */,
				E377A6E920480CD300E729EF /* ViewController.m */,
				E377A6EB20480CD300E729EF /* Main.storyboard */,
				E377A6EE20480CD300E729EF /* Assets.xcassets */,
				E377A6F020480CD300E729EF /* LaunchScreen.storyboard */,
				E377A6F320480CD300E729EF /* Info.plist */,
				E377A6F420480CD300E729EF /* main.m */,
				E377A7012048121500E729EF /* DeviceInfo.swift */,
				E377A7002048121500E729EF /* ObjCSwift-Bridging-Header.h */,
			);
			path = ObjCSwift;
			sourceTree = "<group>";
		};
/* End PBXGroup section */

/* Begin PBXNativeTarget section */
		E377A6E120480CD300E729EF /* ObjCSwift */ = {
			isa = PBXNativeTarget;
			buildConfigurationList = E377A6F820480CD300E729EF /* Build configuration list for PBXNativeTarget "ObjCSwift" */;
			buildPhases = (
				E377A6DE20480CD300E729EF /* Sources */,
				E377A6DF20480CD300E729EF /* Frameworks */,
				E377A6E020480CD300E729EF /* Resources */,
			);
			buildRules = (
			);
			dependencies = (
			);
			name = ObjCSwift;
			productName = ObjCSwift;
			productReference = E377A6E220480CD300E729EF /* ObjCSwift.app */;
			productType = "com.apple.product-type.application";
		};
/* End PBXNativeTarget section */

/* Begin PBXProject section */
		E377A6DA20480CD300E729EF /* Project object */ = {
			isa = PBXProject;
			attributes = {
				LastUpgradeCheck = 0900;
				ORGANIZATIONNAME = "Osman SÖYLEMEZ";
				TargetAttributes = {
					E377A6E120480CD300E729EF = {
						CreatedOnToolsVersion = 9.0.1;
						LastSwiftMigration = 0900;
						ProvisioningStyle = Automatic;
					};
				};
			};
			buildConfigurationList = E377A6DD20480CD300E729EF /* Build configuration list for PBXProject "ObjCSwift" */;
			compatibilityVersion = "Xcode 8.0";
			developmentRegion = en;
			hasScannedForEncodings = 0;
			knownRegions = (
				en,
				Base,
			);
			mainGroup = E377A6D920480CD300E729EF;
			productRefGroup = E377A6E320480CD300E729EF /* Products */;
			projectDirPath = "";
			projectRoot = "";
			targets = (
				E377A6E120480CD300E729EF /* ObjCSwift */,
			);
		};
/* End PBXProject section */

/* Begin PBXResourcesBuildPhase section */
		E377A6E020480CD300E729EF /* Resources */ = {
			isa = PBXResourcesBuildPhase;
			buildActionMask = 2147483647;
			files = (
				E377A6F220480CD300E729EF /* LaunchScreen.storyboard in Resources */,
				E377A6EF20480CD300E729EF /* Assets.xcassets in Resources */,
				E377A6ED20480CD300E729EF /* Main.storyboard in Resources */,
			);
			runOnlyForDeploymentPostprocessing = 0;
		};
/* End PBXResourcesBuildPhase section */

/* Begin PBXSourcesBuildPhase section */
		E377A6DE20480CD300E729EF /* Sources */ = {
			isa = PBXSourcesBuildPhase;
			buildActionMask = 2147483647;
			files = (
				E377A6EA20480CD300E729EF /* ViewController.m in Sources */,
				E377A6F520480CD300E729EF /* main.m in Sources */,
				E377A6E720480CD300E729EF /* AppDelegate.m in Sources */,
				E377A7022048121500E729EF /* DeviceInfo.swift in Sources */,
			);
			runOnlyForDeploymentPostprocessing = 0;
		};
/* End PBXSourcesBuildPhase section */

/* Begin PBXVariantGroup section */
		E377A6EB20480CD300E729EF /* Main.storyboard */ = {
			isa = PBXVariantGroup;
			children = (
				E377A6EC20480CD300E729EF /* Base */,
			);
			name = Main.storyboard;
			sourceTree = "<group>";
		};
		E377A6F020480CD300E729EF /* LaunchScreen.storyboard */ = {
			isa = PBXVariantGroup;
			children = (
				E377A6F120480CD300E729EF /* Base */,
			);
			name = LaunchScreen.storyboard;
			sourceTree = "<group>";
		};
/* End PBXVariantGroup section */

/* Begin XCBuildConfiguration section */
		E377A6F620480CD300E729EF /* Debug */ = {
			isa = XCBuildConfiguration;
			buildSettings = {
				ALWAYS_SEARCH_USER_PATHS = NO;
				CLANG_ANALYZER_NONNULL = YES;
				CLANG_ANALYZER_NUMBER_OBJECT_CONVERSION = YES_AGGRESSIVE;
				CLANG_CXX_LANGUAGE_STANDARD = "gnu++14";
				CLANG_CXX_LIBRARY = "libc++";
				CLANG_ENABLE_MODULES = YES;
				CLANG_ENABLE_OBJC_ARC = YES;
				CLANG_WARN_BLOCK_CAPTURE_AUTORELEASING = YES;
				CLANG_WARN_BOOL_CONVERSION = YES;
				CLANG_WARN_COMMA = YES;
				CLANG_WARN_CONSTANT_CONVERSION = YES;
				CLANG_WARN_DIRECT_OBJC_ISA_USAGE = YES_ERROR;
				CLANG_WARN_DOCUMENTATION_COMMENTS = YES;
				CLANG_WARN_EMPTY_BODY = YES;
				CLANG_WARN_ENUM_CONVERSION = YES;
				CLANG_WARN_INFINITE_RECURSION = YES;
				CLANG_WARN_INT_CONVERSION = YES;
				CLANG_WARN_NON_LITERAL_NULL_CONVERSION = YES;
				CLANG_WARN_OBJC_LITERAL_CONVERSION = YES;
				CLANG_WARN_OBJC_ROOT_CLASS = YES_ERROR;
				CLANG_WARN_RANGE_LOOP_ANALYSIS = YES;
				CLANG_WARN_STRICT_PROTOTYPES = YES;
				CLANG_WARN_SUSPICIOUS_MOVE = YES;
				CLANG_WARN_UNGUARDED_AVAILABILITY = YES_AGGRESSIVE;
				CLANG_WARN_UNREACHABLE_CODE = YES;
				CLANG_WARN__DUPLICATE_METHOD_MATCH = YES;
				CODE_SIGN_IDENTITY = "iPhone Developer";
				COPY_PHASE_STRIP = NO;
				DEBUG_INFORMATION_FORMAT = dwarf;
				ENABLE_STRICT_OBJC_MSGSEND = YES;
				ENABLE_TESTABILITY = YES;
				GCC_C_LANGUAGE_STANDARD = gnu11;
				GCC_DYNAMIC_NO_PIC = NO;
				GCC_NO_COMMON_BLOCKS = YES;
				GCC_OPTIMIZATION_LEVEL = 0;
				GCC_PREPROCESSOR_DEFINITIONS = (
					"DEBUG=1",
					"$(inherited)",
				);
				GCC_WARN_64_TO_32_BIT_CONVERSION = YES;
				GCC_WARN_ABOUT_RETURN_TYPE = YES_ERROR;
				GCC_WARN_UNDECLARED_SELECTOR = YES;
				GCC_WARN_UNINITIALIZED_AUTOS = YES_AGGRESSIVE;
				GCC_WARN_UNUSED_FUNCTION = YES;
				GCC_WARN_UNUSED_VARIABLE = YES;
				IPHONEOS_DEPLOYMENT_TARGET = 11.0;
				MTL_ENABLE_DEBUG_INFO = YES;
				ONLY_ACTIVE_ARCH = YES;
				SDKROOT = iphoneos;
				SWIFT_OBJC_BRIDGING_HEADER = "";
				SWIFT_OBJC_INTERFACE_HEADER_NAME = "";
			};
			name = Debug;
		};
		E377A6F720480CD300E729EF /* Release */ = {
			isa = XCBuildConfiguration;
			buildSettings = {
				ALWAYS_SEARCH_USER_PATHS = NO;
				CLANG_ANALYZER_NONNULL = YES;
				CLANG_ANALYZER_NUMBER_OBJECT_CONVERSION = YES_AGGRESSIVE;
				CLANG_CXX_LANGUAGE_STANDARD = "gnu++14";
				CLANG_CXX_LIBRARY = "libc++";
				CLANG_ENABLE_MODULES = YES;
				CLANG_ENABLE_OBJC_ARC = YES;
				CLANG_WARN_BLOCK_CAPTURE_AUTORELEASING = YES;
				CLANG_WARN_BOOL_CONVERSION = YES;
				CLANG_WARN_COMMA = YES;
				CLANG_WARN_CONSTANT_CONVERSION = YES;
				CLANG_WARN_DIRECT_OBJC_ISA_USAGE = YES_ERROR;
				CLANG_WARN_DOCUMENTATION_COMMENTS = YES;
				CLANG_WARN_EMPTY_BODY = YES;
				CLANG_WARN_ENUM_CONVERSION = YES;
				CLANG_WARN_INFINITE_RECURSION = YES;
				CLANG_WARN_INT_CONVERSION = YES;
				CLANG_WARN_NON_LITERAL_NULL_CONVERSION = YES;
				CLANG_WARN_OBJC_LITERAL_CONVERSION = YES;
				CLANG_WARN_OBJC_ROOT_CLASS = YES_ERROR;
				CLANG_WARN_RANGE_LOOP_ANALYSIS = YES;
				CLANG_WARN_STRICT_PROTOTYPES = YES;
				CLANG_WARN_SUSPICIOUS_MOVE = YES;
				CLANG_WARN_UNGUARDED_AVAILABILITY = YES_AGGRESSIVE;
				CLANG_WARN_UNREACHABLE_CODE = YES;
				CLANG_WARN__DUPLICATE_METHOD_MATCH = YES;
				CODE_SIGN_IDENTITY = "iPhone Developer";
				COPY_PHASE_STRIP = NO;
				DEBUG_INFORMATION_FORMAT = "dwarf-with-dsym";
				ENABLE_NS_ASSERTIONS = NO;
				ENABLE_STRICT_OBJC_MSGSEND = YES;
				GCC_C_LANGUAGE_STANDARD = gnu11;
				GCC_NO_COMMON_BLOCKS = YES;
				GCC_WARN_64_TO_32_BIT_CONVERSION = YES;
				GCC_WARN_ABOUT_RETURN_TYPE = YES_ERROR;
				GCC_WARN_UNDECLARED_SELECTOR = YES;
				GCC_WARN_UNINITIALIZED_AUTOS = YES_AGGRESSIVE;
				GCC_WARN_UNUSED_FUNCTION = YES;
				GCC_WARN_UNUSED_VARIABLE = YES;
				IPHONEOS_DEPLOYMENT_TARGET = 11.0;
				MTL_ENABLE_DEBUG_INFO = NO;
				SDKROOT = iphoneos;
				SWIFT_OBJC_BRIDGING_HEADER = "";
				SWIFT_OBJC_INTERFACE_HEADER_NAME = "";
				VALIDATE_PRODUCT = YES;
			};
			name = Release;
		};
		E377A6F920480CD300E729EF /* Debug */ = {
			isa = XCBuildConfiguration;
			buildSettings = {
				ASSETCATALOG_COMPILER_APPICON_NAME = AppIcon;
				CLANG_ENABLE_MODULES = YES;
				CODE_SIGN_STYLE = Automatic;
				DEVELOPMENT_TEAM = 8QQB4AA3ZQ;
				INFOPLIST_FILE = ObjCSwift/Info.plist;
				LD_RUNPATH_SEARCH_PATHS = "$(inherited) @executable_path/Frameworks";
				PRODUCT_BUNDLE_IDENTIFIER = com.mobiletech.ObjCSwift;
				PRODUCT_NAME = "$(TARGET_NAME)";
				SWIFT_OBJC_BRIDGING_HEADER = "ObjCSwift/ObjCSwift-Bridging-Header.h";
				SWIFT_OBJC_INTERFACE_HEADER_NAME = "ObjCSwift-Swift.h";
				SWIFT_OPTIMIZATION_LEVEL = "-Onone";
				SWIFT_VERSION = 3.0;
				TARGETED_DEVICE_FAMILY = "1,2";
			};
			name = Debug;
		};
		E377A6FA20480CD300E729EF /* Release */ = {
			isa = XCBuildConfiguration;
			buildSettings = {
				ASSETCATALOG_COMPILER_APPICON_NAME = AppIcon;
				CLANG_ENABLE_MODULES = YES;
				CODE_SIGN_STYLE = Automatic;
				DEVELOPMENT_TEAM = 8QQB4AA3ZQ;
				INFOPLIST_FILE = ObjCSwift/Info.plist;
				LD_RUNPATH_SEARCH_PATHS = "$(inherited) @executable_path/Frameworks";
				PRODUCT_BUNDLE_IDENTIFIER = com.mobiletech.ObjCSwift;
				PRODUCT_NAME = "$(TARGET_NAME)";
				SWIFT_OBJC_BRIDGING_HEADER = "ObjCSwift/ObjCSwift-Bridging-Header.h";
				SWIFT_OBJC_INTERFACE_HEADER_NAME = "ObjCSwift-Swift.h";
				SWIFT_VERSION = 3.0;
				TARGETED_DEVICE_FAMILY = "1,2";
			};
			name = Release;
		};
/* End XCBuildConfiguration section */

/* Begin XCConfigurationList section */
		E377A6DD20480CD300E729EF /* Build configuration list for PBXProject "ObjCSwift" */ = {
			isa = XCConfigurationList;
			buildConfigurations = (
				E377A6F620480CD300E729EF /* Debug */,
				E377A6F720480CD300E729EF /* Release */,
			);
			defaultConfigurationIsVisible = 0;
			defaultConfigurationName = Release;
		};
		E377A6F820480CD300E729EF /* Build configuration list for PBXNativeTarget "ObjCSwift" */ = {
			isa = XCConfigurationList;
			buildConfigurations = (
				E377A6F920480CD300E729EF /* Debug */,
				E377A6FA20480CD300E729EF /* Release */,
			);
			defaultConfigurationIsVisible = 0;
			defaultConfigurationName = Release;
		};
/* End XCConfigurationList section */
	};
	rootObject = E377A6DA20480CD300E729EF /* Project object */;
}
